
Microsoft Visual Studio Solution File, Format Version 12.00
# Visual Studio 15
VisualStudioVersion = 15.0.27130.2027
MinimumVisualStudioVersion = 10.0.40219.1
Project("{FAE04EC0-301F-11D3-BF4B-00C04F79EFBC}") = "BookingSystem.DAL", "BookingSystem.DAL\BookingSystem.DAL.csproj", "{159E4DBC-0B34-4B29-B0A5-0FD70A2D04DB}"
EndProject
Global
	GlobalSection(SolutionConfigurationPlatforms) = preSolution
		Debug|Any CPU = Debug|Any CPU
		Release|Any CPU = Release|Any CPU
	EndGlobalSection
	GlobalSection(ProjectConfigurationPlatforms) = postSolution
		{159E4DBC-0B34-4B29-B0A5-0FD70A2D04DB}.Debug|Any CPU.ActiveCfg = Debug|Any CPU
		{159E4DBC-0B34-4B29-B0A5-0FD70A2D04DB}.Debug|Any CPU.Build.0 = Debug|Any CPU
		{159E4DBC-0B34-4B29-B0A5-0FD70A2D04DB}.Release|Any CPU.ActiveCfg = Release|Any CPU
		{159E4DBC-0B34-4B29-B0A5-0FD70A2D04DB}.Release|Any CPU.Build.0 = Release|Any CPU
	EndGlobalSection
	GlobalSection(SolutionProperties) = preSolution
		HideSolutionNode = FALSE
	EndGlobalSection
	GlobalSection(ExtensibilityGlobals) = postSolution
		SolutionGuid = {DAD78EEF-514A-4112-9930-7BC743A82B14}
	EndGlobalSection
EndGlobal
